// !$*UTF8*$!
{
	archiveVersion = 1;
	classes = {
	};
	objectVersion = 56;
	objects = {

/* Begin PBXBuildFile section */
		C524E1D72B8B464400F4B68C /* ContactsModel.swift in Sources */ = {isa = PBXBuildFile; fileRef = C524E1D62B8B464400F4B68C /* ContactsModel.swift */; };
		F70DAD792B8A519C00FEA8CE /* PowerReserveApp.swift in Sources */ = {isa = PBXBuildFile; fileRef = F70DAD782B8A519C00FEA8CE /* PowerReserveApp.swift */; };
		F70DAD7D2B8A519D00FEA8CE /* Assets.xcassets in Resources */ = {isa = PBXBuildFile; fileRef = F70DAD7C2B8A519D00FEA8CE /* Assets.xcassets */; };
		F70DAD802B8A519D00FEA8CE /* Preview Assets.xcassets in Resources */ = {isa = PBXBuildFile; fileRef = F70DAD7F2B8A519D00FEA8CE /* Preview Assets.xcassets */; };
		F70DAD892B8A581E00FEA8CE /* Contacts.swift in Sources */ = {isa = PBXBuildFile; fileRef = F70DAD882B8A581E00FEA8CE /* Contacts.swift */; };
		F70DAD8B2B8A689B00FEA8CE /* UserClass.swift in Sources */ = {isa = PBXBuildFile; fileRef = F70DAD8A2B8A689B00FEA8CE /* UserClass.swift */; };
		F70DAD8D2B8A6A3900FEA8CE /* AccountClass.swift in Sources */ = {isa = PBXBuildFile; fileRef = F70DAD8C2B8A6A3900FEA8CE /* AccountClass.swift */; };
		F7373C4A2B8B033100CEDA5A /* SignUpView.swift in Sources */ = {isa = PBXBuildFile; fileRef = F7373C492B8B033100CEDA5A /* SignUpView.swift */; };
		F7373C4C2B8B155F00CEDA5A /* LoginView.swift in Sources */ = {isa = PBXBuildFile; fileRef = F7373C4B2B8B155F00CEDA5A /* LoginView.swift */; };
		F7373C4E2B8B160C00CEDA5A /* LoginOrSignUpView.swift in Sources */ = {isa = PBXBuildFile; fileRef = F7373C4D2B8B160C00CEDA5A /* LoginOrSignUpView.swift */; };
		F7373C502B8B3BE100CEDA5A /* TabViewWrapper.swift in Sources */ = {isa = PBXBuildFile; fileRef = F7373C4F2B8B3BE100CEDA5A /* TabViewWrapper.swift */; };
		F7D482352B8A81DB008935C1 /* ProfileView.swift in Sources */ = {isa = PBXBuildFile; fileRef = F7D482342B8A81DB008935C1 /* ProfileView.swift */; };
		F7D482372B8A852A008935C1 /* RidesView.swift in Sources */ = {isa = PBXBuildFile; fileRef = F7D482362B8A852A008935C1 /* RidesView.swift */; };
		F7D4823D2B8A8A9F008935C1 /* ContactsView.swift in Sources */ = {isa = PBXBuildFile; fileRef = F7D4823C2B8A8A9F008935C1 /* ContactsView.swift */; };
		F7D482402B8AC55E008935C1 /* MapView.swift in Sources */ = {isa = PBXBuildFile; fileRef = F7D4823F2B8AC55E008935C1 /* MapView.swift */; };
		F7D482442B8AE5C6008935C1 /* Location.swift in Sources */ = {isa = PBXBuildFile; fileRef = F7D482432B8AE5C6008935C1 /* Location.swift */; };
/* End PBXBuildFile section */

/* Begin PBXFileReference section */
		C524E1D62B8B464400F4B68C /* ContactsModel.swift */ = {isa = PBXFileReference; lastKnownFileType = sourcecode.swift; path = ContactsModel.swift; sourceTree = "<group>"; };
		F70DAD752B8A519C00FEA8CE /* PowerReserve.app */ = {isa = PBXFileReference; explicitFileType = wrapper.application; includeInIndex = 0; path = PowerReserve.app; sourceTree = BUILT_PRODUCTS_DIR; };
		F70DAD782B8A519C00FEA8CE /* PowerReserveApp.swift */ = {isa = PBXFileReference; lastKnownFileType = sourcecode.swift; path = PowerReserveApp.swift; sourceTree = "<group>"; };
		F70DAD7C2B8A519D00FEA8CE /* Assets.xcassets */ = {isa = PBXFileReference; lastKnownFileType = folder.assetcatalog; path = Assets.xcassets; sourceTree = "<group>"; };
		F70DAD7F2B8A519D00FEA8CE /* Preview Assets.xcassets */ = {isa = PBXFileReference; lastKnownFileType = folder.assetcatalog; path = "Preview Assets.xcassets"; sourceTree = "<group>"; };
		F70DAD882B8A581E00FEA8CE /* Contacts.swift */ = {isa = PBXFileReference; lastKnownFileType = sourcecode.swift; path = Contacts.swift; sourceTree = "<group>"; };
		F70DAD8A2B8A689B00FEA8CE /* UserClass.swift */ = {isa = PBXFileReference; lastKnownFileType = sourcecode.swift; path = UserClass.swift; sourceTree = "<group>"; };
		F70DAD8C2B8A6A3900FEA8CE /* AccountClass.swift */ = {isa = PBXFileReference; lastKnownFileType = sourcecode.swift; path = AccountClass.swift; sourceTree = "<group>"; };
		F7373C492B8B033100CEDA5A /* SignUpView.swift */ = {isa = PBXFileReference; lastKnownFileType = sourcecode.swift; path = SignUpView.swift; sourceTree = "<group>"; };
		F7373C4B2B8B155F00CEDA5A /* LoginView.swift */ = {isa = PBXFileReference; lastKnownFileType = sourcecode.swift; path = LoginView.swift; sourceTree = "<group>"; };
		F7373C4D2B8B160C00CEDA5A /* LoginOrSignUpView.swift */ = {isa = PBXFileReference; lastKnownFileType = sourcecode.swift; path = LoginOrSignUpView.swift; sourceTree = "<group>"; };
		F7373C4F2B8B3BE100CEDA5A /* TabViewWrapper.swift */ = {isa = PBXFileReference; lastKnownFileType = sourcecode.swift; path = TabViewWrapper.swift; sourceTree = "<group>"; };
		F7D482342B8A81DB008935C1 /* ProfileView.swift */ = {isa = PBXFileReference; lastKnownFileType = sourcecode.swift; path = ProfileView.swift; sourceTree = "<group>"; };
		F7D482362B8A852A008935C1 /* RidesView.swift */ = {isa = PBXFileReference; lastKnownFileType = sourcecode.swift; path = RidesView.swift; sourceTree = "<group>"; };
		F7D4823C2B8A8A9F008935C1 /* ContactsView.swift */ = {isa = PBXFileReference; lastKnownFileType = sourcecode.swift; path = ContactsView.swift; sourceTree = "<group>"; };
		F7D4823F2B8AC55E008935C1 /* MapView.swift */ = {isa = PBXFileReference; lastKnownFileType = sourcecode.swift; path = MapView.swift; sourceTree = "<group>"; };
		F7D482432B8AE5C6008935C1 /* Location.swift */ = {isa = PBXFileReference; lastKnownFileType = sourcecode.swift; path = Location.swift; sourceTree = "<group>"; };
/* End PBXFileReference section */

/* Begin PBXFrameworksBuildPhase section */
		F70DAD722B8A519C00FEA8CE /* Frameworks */ = {
			isa = PBXFrameworksBuildPhase;
			buildActionMask = 2147483647;
			files = (
			);
			runOnlyForDeploymentPostprocessing = 0;
		};
/* End PBXFrameworksBuildPhase section */

/* Begin PBXGroup section */
		F70DAD6C2B8A519C00FEA8CE = {
			isa = PBXGroup;
			children = (
				F70DAD772B8A519C00FEA8CE /* PowerReserve */,
				F70DAD762B8A519C00FEA8CE /* Products */,
			);
			sourceTree = "<group>";
		};
		F70DAD762B8A519C00FEA8CE /* Products */ = {
			isa = PBXGroup;
			children = (
				F70DAD752B8A519C00FEA8CE /* PowerReserve.app */,
			);
			name = Products;
			sourceTree = "<group>";
		};
		F70DAD772B8A519C00FEA8CE /* PowerReserve */ = {
			isa = PBXGroup;
			children = (
				F7D4823E2B8A8F23008935C1 /* Controllers */,
				F7D4822F2B8A74B1008935C1 /* Models */,
				F7D4822E2B8A747F008935C1 /* Views */,
				F70DAD782B8A519C00FEA8CE /* PowerReserveApp.swift */,
				F70DAD7E2B8A519D00FEA8CE /* Preview Content */,
			);
			path = PowerReserve;
			sourceTree = "<group>";
		};
		F70DAD7E2B8A519D00FEA8CE /* Preview Content */ = {
			isa = PBXGroup;
			children = (
				F70DAD7F2B8A519D00FEA8CE /* Preview Assets.xcassets */,
				F70DAD7C2B8A519D00FEA8CE /* Assets.xcassets */,
			);
			path = "Preview Content";
			sourceTree = "<group>";
		};
		F7D4822E2B8A747F008935C1 /* Views */ = {
			isa = PBXGroup;
			children = (
				F7D482342B8A81DB008935C1 /* ProfileView.swift */,
				F7D482362B8A852A008935C1 /* RidesView.swift */,
				F7D4823C2B8A8A9F008935C1 /* ContactsView.swift */,
				F7D4823F2B8AC55E008935C1 /* MapView.swift */,
				F7373C492B8B033100CEDA5A /* SignUpView.swift */,
				F7373C4B2B8B155F00CEDA5A /* LoginView.swift */,
				F7373C4D2B8B160C00CEDA5A /* LoginOrSignUpView.swift */,
				F7373C4F2B8B3BE100CEDA5A /* TabViewWrapper.swift */,
			);
			path = Views;
			sourceTree = "<group>";
		};
		F7D4822F2B8A74B1008935C1 /* Models */ = {
			isa = PBXGroup;
			children = (
				F70DAD882B8A581E00FEA8CE /* Contacts.swift */,
				F70DAD8A2B8A689B00FEA8CE /* UserClass.swift */,
				F70DAD8C2B8A6A3900FEA8CE /* AccountClass.swift */,
				F7D482432B8AE5C6008935C1 /* Location.swift */,
				C524E1D62B8B464400F4B68C /* ContactsModel.swift */,
			);
			path = Models;
			sourceTree = "<group>";
		};
		F7D4823E2B8A8F23008935C1 /* Controllers */ = {
			isa = PBXGroup;
			children = (
			);
			path = Controllers;
			sourceTree = "<group>";
		};
/* End PBXGroup section */

/* Begin PBXNativeTarget section */
		F70DAD742B8A519C00FEA8CE /* PowerReserve */ = {
			isa = PBXNativeTarget;
			buildConfigurationList = F70DAD832B8A519D00FEA8CE /* Build configuration list for PBXNativeTarget "PowerReserve" */;
			buildPhases = (
				F70DAD712B8A519C00FEA8CE /* Sources */,
				F70DAD722B8A519C00FEA8CE /* Frameworks */,
				F70DAD732B8A519C00FEA8CE /* Resources */,
			);
			buildRules = (
			);
			dependencies = (
			);
			name = PowerReserve;
			productName = PowerReserve;
			productReference = F70DAD752B8A519C00FEA8CE /* PowerReserve.app */;
			productType = "com.apple.product-type.application";
		};
/* End PBXNativeTarget section */

/* Begin PBXProject section */
		F70DAD6D2B8A519C00FEA8CE /* Project object */ = {
			isa = PBXProject;
			attributes = {
				BuildIndependentTargetsInParallel = 1;
				LastSwiftUpdateCheck = 1520;
				LastUpgradeCheck = 1520;
				TargetAttributes = {
					F70DAD742B8A519C00FEA8CE = {
						CreatedOnToolsVersion = 15.2;
					};
				};
			};
			buildConfigurationList = F70DAD702B8A519C00FEA8CE /* Build configuration list for PBXProject "PowerReserve" */;
			compatibilityVersion = "Xcode 14.0";
			developmentRegion = en;
			hasScannedForEncodings = 0;
			knownRegions = (
				en,
				Base,
			);
			mainGroup = F70DAD6C2B8A519C00FEA8CE;
			productRefGroup = F70DAD762B8A519C00FEA8CE /* Products */;
			projectDirPath = "";
			projectRoot = "";
			targets = (
				F70DAD742B8A519C00FEA8CE /* PowerReserve */,
			);
		};
/* End PBXProject section */

/* Begin PBXResourcesBuildPhase section */
		F70DAD732B8A519C00FEA8CE /* Resources */ = {
			isa = PBXResourcesBuildPhase;
			buildActionMask = 2147483647;
			files = (
				F70DAD802B8A519D00FEA8CE /* Preview Assets.xcassets in Resources */,
				F70DAD7D2B8A519D00FEA8CE /* Assets.xcassets in Resources */,
			);
			runOnlyForDeploymentPostprocessing = 0;
		};
/* End PBXResourcesBuildPhase section */

/* Begin PBXSourcesBuildPhase section */
		F70DAD712B8A519C00FEA8CE /* Sources */ = {
			isa = PBXSourcesBuildPhase;
			buildActionMask = 2147483647;
			files = (
				F7D482372B8A852A008935C1 /* RidesView.swift in Sources */,
				F7D482352B8A81DB008935C1 /* ProfileView.swift in Sources */,
				F7D482442B8AE5C6008935C1 /* Location.swift in Sources */,
				F70DAD8D2B8A6A3900FEA8CE /* AccountClass.swift in Sources */,
				F70DAD8B2B8A689B00FEA8CE /* UserClass.swift in Sources */,
				F7373C4A2B8B033100CEDA5A /* SignUpView.swift in Sources */,
				F7373C4E2B8B160C00CEDA5A /* LoginOrSignUpView.swift in Sources */,
				F7373C502B8B3BE100CEDA5A /* TabViewWrapper.swift in Sources */,
				F70DAD892B8A581E00FEA8CE /* Contacts.swift in Sources */,
				F7D482402B8AC55E008935C1 /* MapView.swift in Sources */,
				F7373C4C2B8B155F00CEDA5A /* LoginView.swift in Sources */,
				F7D4823D2B8A8A9F008935C1 /* ContactsView.swift in Sources */,
				C524E1D72B8B464400F4B68C /* ContactsModel.swift in Sources */,
				F70DAD792B8A519C00FEA8CE /* PowerReserveApp.swift in Sources */,
			);
			runOnlyForDeploymentPostprocessing = 0;
		};
/* End PBXSourcesBuildPhase section */

/* Begin XCBuildConfiguration section */
		F70DAD812B8A519D00FEA8CE /* Debug */ = {
			isa = XCBuildConfiguration;
			buildSettings = {
				ALWAYS_SEARCH_USER_PATHS = NO;
				ASSETCATALOG_COMPILER_GENERATE_SWIFT_ASSET_SYMBOL_EXTENSIONS = YES;
				CLANG_ANALYZER_NONNULL = YES;
				CLANG_ANALYZER_NUMBER_OBJECT_CONVERSION = YES_AGGRESSIVE;
				CLANG_CXX_LANGUAGE_STANDARD = "gnu++20";
				CLANG_ENABLE_MODULES = YES;
				CLANG_ENABLE_OBJC_ARC = YES;
				CLANG_ENABLE_OBJC_WEAK = YES;
				CLANG_WARN_BLOCK_CAPTURE_AUTORELEASING = YES;
				CLANG_WARN_BOOL_CONVERSION = YES;
				CLANG_WARN_COMMA = YES;
				CLANG_WARN_CONSTANT_CONVERSION = YES;
				CLANG_WARN_DEPRECATED_OBJC_IMPLEMENTATIONS = YES;
				CLANG_WARN_DIRECT_OBJC_ISA_USAGE = YES_ERROR;
				CLANG_WARN_DOCUMENTATION_COMMENTS = YES;
				CLANG_WARN_EMPTY_BODY = YES;
				CLANG_WARN_ENUM_CONVERSION = YES;
				CLANG_WARN_INFINITE_RECURSION = YES;
				CLANG_WARN_INT_CONVERSION = YES;
				CLANG_WARN_NON_LITERAL_NULL_CONVERSION = YES;
				CLANG_WARN_OBJC_IMPLICIT_RETAIN_SELF = YES;
				CLANG_WARN_OBJC_LITERAL_CONVERSION = YES;
				CLANG_WARN_OBJC_ROOT_CLASS = YES_ERROR;
				CLANG_WARN_QUOTED_INCLUDE_IN_FRAMEWORK_HEADER = YES;
				CLANG_WARN_RANGE_LOOP_ANALYSIS = YES;
				CLANG_WARN_STRICT_PROTOTYPES = YES;
				CLANG_WARN_SUSPICIOUS_MOVE = YES;
				CLANG_WARN_UNGUARDED_AVAILABILITY = YES_AGGRESSIVE;
				CLANG_WARN_UNREACHABLE_CODE = YES;
				CLANG_WARN__DUPLICATE_METHOD_MATCH = YES;
				COPY_PHASE_STRIP = NO;
				DEBUG_INFORMATION_FORMAT = dwarf;
				ENABLE_STRICT_OBJC_MSGSEND = YES;
				ENABLE_TESTABILITY = YES;
				ENABLE_USER_SCRIPT_SANDBOXING = YES;
				GCC_C_LANGUAGE_STANDARD = gnu17;
				GCC_DYNAMIC_NO_PIC = NO;
				GCC_NO_COMMON_BLOCKS = YES;
				GCC_OPTIMIZATION_LEVEL = 0;
				GCC_PREPROCESSOR_DEFINITIONS = (
					"DEBUG=1",
					"$(inherited)",
				);
				GCC_WARN_64_TO_32_BIT_CONVERSION = YES;
				GCC_WARN_ABOUT_RETURN_TYPE = YES_ERROR;
				GCC_WARN_UNDECLARED_SELECTOR = YES;
				GCC_WARN_UNINITIALIZED_AUTOS = YES_AGGRESSIVE;
				GCC_WARN_UNUSED_FUNCTION = YES;
				GCC_WARN_UNUSED_VARIABLE = YES;
				IPHONEOS_DEPLOYMENT_TARGET = 17.2;
				LOCALIZATION_PREFERS_STRING_CATALOGS = YES;
				MTL_ENABLE_DEBUG_INFO = INCLUDE_SOURCE;
				MTL_FAST_MATH = YES;
				ONLY_ACTIVE_ARCH = YES;
				SDKROOT = iphoneos;
				SWIFT_ACTIVE_COMPILATION_CONDITIONS = "DEBUG $(inherited)";
				SWIFT_OPTIMIZATION_LEVEL = "-Onone";
			};
			name = Debug;
		};
		F70DAD822B8A519D00FEA8CE /* Release */ = {
			isa = XCBuildConfiguration;
			buildSettings = {
				ALWAYS_SEARCH_USER_PATHS = NO;
				ASSETCATALOG_COMPILER_GENERATE_SWIFT_ASSET_SYMBOL_EXTENSIONS = YES;
				CLANG_ANALYZER_NONNULL = YES;
				CLANG_ANALYZER_NUMBER_OBJECT_CONVERSION = YES_AGGRESSIVE;
				CLANG_CXX_LANGUAGE_STANDARD = "gnu++20";
				CLANG_ENABLE_MODULES = YES;
				CLANG_ENABLE_OBJC_ARC = YES;
				CLANG_ENABLE_OBJC_WEAK = YES;
				CLANG_WARN_BLOCK_CAPTURE_AUTORELEASING = YES;
				CLANG_WARN_BOOL_CONVERSION = YES;
				CLANG_WARN_COMMA = YES;
				CLANG_WARN_CONSTANT_CONVERSION = YES;
				CLANG_WARN_DEPRECATED_OBJC_IMPLEMENTATIONS = YES;
				CLANG_WARN_DIRECT_OBJC_ISA_USAGE = YES_ERROR;
				CLANG_WARN_DOCUMENTATION_COMMENTS = YES;
				CLANG_WARN_EMPTY_BODY = YES;
				CLANG_WARN_ENUM_CONVERSION = YES;
				CLANG_WARN_INFINITE_RECURSION = YES;
				CLANG_WARN_INT_CONVERSION = YES;
				CLANG_WARN_NON_LITERAL_NULL_CONVERSION = YES;
				CLANG_WARN_OBJC_IMPLICIT_RETAIN_SELF = YES;
				CLANG_WARN_OBJC_LITERAL_CONVERSION = YES;
				CLANG_WARN_OBJC_ROOT_CLASS = YES_ERROR;
				CLANG_WARN_QUOTED_INCLUDE_IN_FRAMEWORK_HEADER = YES;
				CLANG_WARN_RANGE_LOOP_ANALYSIS = YES;
				CLANG_WARN_STRICT_PROTOTYPES = YES;
				CLANG_WARN_SUSPICIOUS_MOVE = YES;
				CLANG_WARN_UNGUARDED_AVAILABILITY = YES_AGGRESSIVE;
				CLANG_WARN_UNREACHABLE_CODE = YES;
				CLANG_WARN__DUPLICATE_METHOD_MATCH = YES;
				COPY_PHASE_STRIP = NO;
				DEBUG_INFORMATION_FORMAT = "dwarf-with-dsym";
				ENABLE_NS_ASSERTIONS = NO;
				ENABLE_STRICT_OBJC_MSGSEND = YES;
				ENABLE_USER_SCRIPT_SANDBOXING = YES;
				GCC_C_LANGUAGE_STANDARD = gnu17;
				GCC_NO_COMMON_BLOCKS = YES;
				GCC_WARN_64_TO_32_BIT_CONVERSION = YES;
				GCC_WARN_ABOUT_RETURN_TYPE = YES_ERROR;
				GCC_WARN_UNDECLARED_SELECTOR = YES;
				GCC_WARN_UNINITIALIZED_AUTOS = YES_AGGRESSIVE;
				GCC_WARN_UNUSED_FUNCTION = YES;
				GCC_WARN_UNUSED_VARIABLE = YES;
				IPHONEOS_DEPLOYMENT_TARGET = 17.2;
				LOCALIZATION_PREFERS_STRING_CATALOGS = YES;
				MTL_ENABLE_DEBUG_INFO = NO;
				MTL_FAST_MATH = YES;
				SDKROOT = iphoneos;
				SWIFT_COMPILATION_MODE = wholemodule;
				VALIDATE_PRODUCT = YES;
			};
			name = Release;
		};
		F70DAD842B8A519D00FEA8CE /* Debug */ = {
			isa = XCBuildConfiguration;
			buildSettings = {
				ASSETCATALOG_COMPILER_APPICON_NAME = AppIcon;
				ASSETCATALOG_COMPILER_GLOBAL_ACCENT_COLOR_NAME = AccentColor;
				CODE_SIGN_STYLE = Automatic;
				CURRENT_PROJECT_VERSION = 1;
				DEVELOPMENT_ASSET_PATHS = "\"PowerReserve/Preview Content\"";
				ENABLE_PREVIEWS = YES;
				GENERATE_INFOPLIST_FILE = YES;
				INFOPLIST_KEY_NSContactsUsageDescription = "Can we access your contacts for emergency puposes?";
				INFOPLIST_KEY_NSLocationWhenInUseUsageDescription = "This app needs your location to function";
				INFOPLIST_KEY_UIApplicationSceneManifest_Generation = YES;
				INFOPLIST_KEY_UIApplicationSupportsIndirectInputEvents = YES;
				INFOPLIST_KEY_UILaunchScreen_Generation = YES;
				INFOPLIST_KEY_UISupportedInterfaceOrientations_iPad = "UIInterfaceOrientationPortrait UIInterfaceOrientationPortraitUpsideDown UIInterfaceOrientationLandscapeLeft UIInterfaceOrientationLandscapeRight";
				INFOPLIST_KEY_UISupportedInterfaceOrientations_iPhone = "UIInterfaceOrientationPortrait UIInterfaceOrientationLandscapeLeft UIInterfaceOrientationLandscapeRight";
				LD_RUNPATH_SEARCH_PATHS = (
					"$(inherited)",
					"@executable_path/Frameworks",
				);
				MARKETING_VERSION = 1.0;
				PRODUCT_BUNDLE_IDENTIFIER = com.rowdyhacks.PowerReserve;
				PRODUCT_NAME = "$(TARGET_NAME)";
				SWIFT_EMIT_LOC_STRINGS = YES;
				SWIFT_VERSION = 5.0;
				TARGETED_DEVICE_FAMILY = "1,2";
			};
			name = Debug;
		};
		F70DAD852B8A519D00FEA8CE /* Release */ = {
			isa = XCBuildConfiguration;
			buildSettings = {
				ASSETCATALOG_COMPILER_APPICON_NAME = AppIcon;
				ASSETCATALOG_COMPILER_GLOBAL_ACCENT_COLOR_NAME = AccentColor;
				CODE_SIGN_STYLE = Automatic;
				CURRENT_PROJECT_VERSION = 1;
				DEVELOPMENT_ASSET_PATHS = "\"PowerReserve/Preview Content\"";
				ENABLE_PREVIEWS = YES;
				GENERATE_INFOPLIST_FILE = YES;
				INFOPLIST_KEY_NSContactsUsageDescription = "Can we access your contacts for emergency puposes?";
				INFOPLIST_KEY_NSLocationWhenInUseUsageDescription = "This app needs your location to function";
				INFOPLIST_KEY_UIApplicationSceneManifest_Generation = YES;
				INFOPLIST_KEY_UIApplicationSupportsIndirectInputEvents = YES;
				INFOPLIST_KEY_UILaunchScreen_Generation = YES;
				INFOPLIST_KEY_UISupportedInterfaceOrientations_iPad = "UIInterfaceOrientationPortrait UIInterfaceOrientationPortraitUpsideDown UIInterfaceOrientationLandscapeLeft UIInterfaceOrientationLandscapeRight";
				INFOPLIST_KEY_UISupportedInterfaceOrientations_iPhone = "UIInterfaceOrientationPortrait UIInterfaceOrientationLandscapeLeft UIInterfaceOrientationLandscapeRight";
				LD_RUNPATH_SEARCH_PATHS = (
					"$(inherited)",
					"@executable_path/Frameworks",
				);
				MARKETING_VERSION = 1.0;
				PRODUCT_BUNDLE_IDENTIFIER = com.rowdyhacks.PowerReserve;
				PRODUCT_NAME = "$(TARGET_NAME)";
				SWIFT_EMIT_LOC_STRINGS = YES;
				SWIFT_VERSION = 5.0;
				TARGETED_DEVICE_FAMILY = "1,2";
			};
			name = Release;
		};
/* End XCBuildConfiguration section */

/* Begin XCConfigurationList section */
		F70DAD702B8A519C00FEA8CE /* Build configuration list for PBXProject "PowerReserve" */ = {
			isa = XCConfigurationList;
			buildConfigurations = (
				F70DAD812B8A519D00FEA8CE /* Debug */,
				F70DAD822B8A519D00FEA8CE /* Release */,
			);
			defaultConfigurationIsVisible = 0;
			defaultConfigurationName = Release;
		};
		F70DAD832B8A519D00FEA8CE /* Build configuration list for PBXNativeTarget "PowerReserve" */ = {
			isa = XCConfigurationList;
			buildConfigurations = (
				F70DAD842B8A519D00FEA8CE /* Debug */,
				F70DAD852B8A519D00FEA8CE /* Release */,
			);
			defaultConfigurationIsVisible = 0;
			defaultConfigurationName = Release;
		};
/* End XCConfigurationList section */
	};
	rootObject = F70DAD6D2B8A519C00FEA8CE /* Project object */;
}
